{
	"name": "zgq-shared",
	"version": "1.45.1",
	"lockfileVersion": 1,
	"requires": true,
	"dependencies": {
		"axios": {
			"version": "0.21.2",
			"resolved": "https://registry.npmmirror.com/axios/download/axios-0.21.2.tgz",
			"integrity": "sha512-87otirqUw3e8CzHTMO+/9kh/FSgXt/eVDvipijwDtEuwbkySWZ9SBm6VEubmJ/kLKEoLQV/POhxXFb66bfekfg==",
			"requires": {
				"follow-redirects": "^1.14.0"
			}
		},
		"escape-string-regexp": {
			"version": "1.0.5",
			"resolved": "https://registry.npm.taobao.org/escape-string-regexp/download/escape-string-regexp-1.0.5.tgz",
			"integrity": "sha1-G2HAViGQqN/2rjuyzwIAyhMLhtQ="
		},
		"filename-reserved-regex": {
			"version": "2.0.0",
			"resolved": "https://registry.npm.taobao.org/filename-reserved-regex/download/filename-reserved-regex-2.0.0.tgz",
			"integrity": "sha1-q/c9+rc10EVECr/qLZHzieu/oik="
		},
		"filenamify": {
			"version": "4.2.0",
			"resolved": "https://registry.npm.taobao.org/filenamify/download/filenamify-4.2.0.tgz?cache=0&sync_timestamp=1600940487737&other_urls=https%3A%2F%2Fregistry.npm.taobao.org%2Ffilenamify%2Fdownload%2Ffilenamify-4.2.0.tgz",
			"integrity": "sha1-yZcW1naGlYWztdMos/BlkNAy6J8=",
			"requires": {
				"filename-reserved-regex": "^2.0.0",
				"strip-outer": "^1.0.1",
				"trim-repeated": "^1.0.0"
			}
		},
		"follow-redirects": {
			"version": "1.15.1",
			"resolved": "https://registry.npmmirror.com/follow-redirects/-/follow-redirects-1.15.1.tgz",
			"integrity": "sha512-yLAMQs+k0b2m7cVxpS1VKJVvoz7SS9Td1zss3XRwXj+ZDH00RJgnuLx7E44wx02kQLrdM3aOOy+FpzS7+8OizA=="
		},
		"progress": {
			"version": "2.0.3",
			"resolved": "https://registry.npm.taobao.org/progress/download/progress-2.0.3.tgz",
			"integrity": "sha1-foz42PW48jnBvGi+tOt4Vn1XLvg="
		},
		"strip-outer": {
			"version": "1.0.1",
			"resolved": "https://registry.npm.taobao.org/strip-outer/download/strip-outer-1.0.1.tgz",
			"integrity": "sha1-sv0qv2YEudHmATBXGV34Nrip1jE=",
			"requires": {
				"escape-string-regexp": "^1.0.2"
			}
		},
		"trim-repeated": {
			"version": "1.0.0",
			"resolved": "https://registry.npm.taobao.org/trim-repeated/download/trim-repeated-1.0.0.tgz",
			"integrity": "sha1-42RqLqTokTEr9+rObPsFOAvAHCE=",
			"requires": {
				"escape-string-regexp": "^1.0.2"
			}
		}
	}
}
