{
  "name": "auto-add-subtitle",
  "version": "1.0.0",
  "lockfileVersion": 1,
  "requires": true,
  "dependencies": {
    "eslint-config-prettier": {
      "version": "6.12.0",
      "resolved": "https://registry.npm.taobao.org/eslint-config-prettier/download/eslint-config-prettier-6.12.0.tgz",
      "integrity": "sha1-nrK8z/cn2xxSEE8LSeh+pGYFoNI=",
      "dev": true,
      "requires": {
        "get-stdin": "^6.0.0"
      }
    },
    "get-stdin": {
      "version": "6.0.0",
      "resolved": "https://registry.npm.taobao.org/get-stdin/download/get-stdin-6.0.0.tgz",
      "integrity": "sha1-ngm/cSs2CrkiXoEgSPcf3pyJZXs=",
      "dev": true
    }
  }
}
