{
	"name": "webp-in-css",
	"version": "0.0.1",
	"lockfileVersion": 1,
	"requires": true,
	"dependencies": {
		"colorette": {
			"version": "1.2.2",
			"resolved": "https://registry.npm.taobao.org/colorette/download/colorette-1.2.2.tgz?cache=0&sync_timestamp=1614259647923&other_urls=https%3A%2F%2Fregistry.npm.taobao.org%2Fcolorette%2Fdownload%2Fcolorette-1.2.2.tgz",
			"integrity": "sha1-y8x51emcrqLb8Q6zom/Ys+as+pQ=",
			"dev": true
		},
		"nanoid": {
			"version": "3.1.22",
			"resolved": "https://registry.npm.taobao.org/nanoid/download/nanoid-3.1.22.tgz?cache=0&sync_timestamp=1615820310415&other_urls=https%3A%2F%2Fregistry.npm.taobao.org%2Fnanoid%2Fdownload%2Fnanoid-3.1.22.tgz",
			"integrity": "sha1-s1+Pt9FRmQqK69WqUBXAPPcm+EQ=",
			"dev": true
		},
		"postcss": {
			"version": "8.2.8",
			"resolved": "https://registry.npm.taobao.org/postcss/download/postcss-8.2.8.tgz?cache=0&sync_timestamp=1615327834455&other_urls=https%3A%2F%2Fregistry.npm.taobao.org%2Fpostcss%2Fdownload%2Fpostcss-8.2.8.tgz",
			"integrity": "sha1-C5D5OC79pCTE8PaaLq1vaDDQjs4=",
			"dev": true,
			"requires": {
				"colorette": "^1.2.2",
				"nanoid": "^3.1.20",
				"source-map": "^0.6.1"
			}
		},
		"source-map": {
			"version": "0.6.1",
			"resolved": "https://registry.npm.taobao.org/source-map/download/source-map-0.6.1.tgz",
			"integrity": "sha1-dHIq8y6WFOnCh6jQu95IteLxomM=",
			"dev": true
		}
	}
}
