{
	"name": "webp-in-css",
	"version": "0.0.1",
	"lockfileVersion": 1,
	"requires": true,
	"dependencies": {
		"colorette": {
			"version": "1.2.2",
			"resolved": "https://registry.npm.taobao.org/colorette/download/colorette-1.2.2.tgz?cache=0&sync_timestamp=1614265280292&other_urls=https%3A%2F%2Fregistry.npm.taobao.org%2Fcolorette%2Fdownload%2Fcolorette-1.2.2.tgz",
			"integrity": "sha1-y8x51emcrqLb8Q6zom/Ys+as+pQ=",
			"dev": true
		},
		"nanoid": {
			"version": "3.1.23",
			"resolved": "https://registry.nlark.com/nanoid/download/nanoid-3.1.23.tgz",
			"integrity": "sha1-90QIbOfCvEfuCoRyV01ceOQYOoE=",
			"dev": true
		},
		"postcss": {
			"version": "8.2.10",
			"resolved": "https://registry.nlark.com/postcss/download/postcss-8.2.10.tgz",
			"integrity": "sha1-ynoEKqiv9JSzNND/Pp53B59vcCs=",
			"dev": true,
			"requires": {
				"colorette": "^1.2.2",
				"nanoid": "^3.1.22",
				"source-map": "^0.6.1"
			}
		},
		"source-map": {
			"version": "0.6.1",
			"resolved": "https://registry.npm.taobao.org/source-map/download/source-map-0.6.1.tgz",
			"integrity": "sha1-dHIq8y6WFOnCh6jQu95IteLxomM=",
			"dev": true
		}
	}
}
