{
	"name": "webp-in-css",
	"version": "0.0.1",
	"lockfileVersion": 1,
	"requires": true,
	"dependencies": {
		"colorette": {
			"version": "1.4.0",
			"resolved": "https://registry.npmmirror.com/colorette/download/colorette-1.4.0.tgz",
			"integrity": "sha1-UZD7uHJ2JZqGrXAL/yxtb6o/ykA=",
			"dev": true
		},
		"nanoid": {
			"version": "3.2.0",
			"resolved": "https://registry.npmmirror.com/nanoid/download/nanoid-3.2.0.tgz",
			"integrity": "sha512-fmsZYa9lpn69Ad5eDn7FMcnnSR+8R34W9qJEijxYhTbfOWzr22n1QxCMzXLK+ODyW2973V3Fux959iQoUxzUIA==",
			"dev": true
		},
		"postcss": {
			"version": "8.2.13",
			"resolved": "https://registry.npmmirror.com/postcss/download/postcss-8.2.13.tgz",
			"integrity": "sha512-FCE5xLH+hjbzRdpbRb1IMCvPv9yZx2QnDarBEYSN0N0HYk+TcXsEhwdFcFb+SRWOKzKGErhIEbBK2ogyLdTtfQ==",
			"dev": true,
			"requires": {
				"colorette": "^1.2.2",
				"nanoid": "^3.1.22",
				"source-map": "^0.6.1"
			}
		},
		"source-map": {
			"version": "0.6.1",
			"resolved": "https://registry.npm.taobao.org/source-map/download/source-map-0.6.1.tgz",
			"integrity": "sha1-dHIq8y6WFOnCh6jQu95IteLxomM=",
			"dev": true
		}
	}
}
